{
  "name": "nodesample",
  "version": "1.0.0",
  "lockfileVersion": 3,
  "requires": true,
  "packages": {
    "": {
      "name": "nodesample",
      "version": "1.0.0",
      "license": "ISC",
      "dependencies": {
        "address": "^2.0.3"
      }
    },
    "node_modules/address": {
      "version": "2.0.3",
      "resolved": "https://registry.npmjs.org/address/-/address-2.0.3.tgz",
      "integrity": "sha512-XNAb/a6TCqou+TufU8/u11HCu9x1gYvOoxLwtlXgIqmkrYQADVv6ljyW2zwiPhHz9R1gItAWpuDrdJMmrOBFEA==",
      "engines": {
        "node": ">= 16.0.0"
      }
    }
  }
}
